{
  "name": "chessboard",
  "lockfileVersion": 2,
  "requires": true,
  "packages": {
    "": {
      "dependencies": {
        "chess.js": "^0.13.4"
      },
      "devDependencies": {
        "@types/chess.js": "^0.13.3"
      }
    },
    "node_modules/@types/chess.js": {
      "version": "0.13.3",
      "resolved": "https://registry.npmjs.org/@types/chess.js/-/chess.js-0.13.3.tgz",
      "integrity": "sha512-piyhKK3VkKVrgLT33wUQIg1wybb7yscW+X5PfXirTXy01XfwTLCB0HceXSbuK1wDsKQ3rfgYIBp3JC6nInD8aA==",
      "dev": true
    },
    "node_modules/chess.js": {
      "version": "0.13.4",
      "resolved": "https://registry.npmjs.org/chess.js/-/chess.js-0.13.4.tgz",
      "integrity": "sha512-li8pyEtvfw6V7xvVr5aUh8OuICfviWNT3YXPh56/wNZ8yEdqdAaWcWargK6xTmqsWKKH5c1bvdJ7lh5vqNv2wg=="
    }
  },
  "dependencies": {
    "@types/chess.js": {
      "version": "0.13.3",
      "resolved": "https://registry.npmjs.org/@types/chess.js/-/chess.js-0.13.3.tgz",
      "integrity": "sha512-piyhKK3VkKVrgLT33wUQIg1wybb7yscW+X5PfXirTXy01XfwTLCB0HceXSbuK1wDsKQ3rfgYIBp3JC6nInD8aA==",
      "dev": true
    },
    "chess.js": {
      "version": "0.13.4",
      "resolved": "https://registry.npmjs.org/chess.js/-/chess.js-0.13.4.tgz",
      "integrity": "sha512-li8pyEtvfw6V7xvVr5aUh8OuICfviWNT3YXPh56/wNZ8yEdqdAaWcWargK6xTmqsWKKH5c1bvdJ7lh5vqNv2wg=="
    }
  }
}
